github.com/bobg/go-generics/v3 v3.7.0 h1:4SJHDWqONTRcA8al6491VW/ys6061bPCcTcI7YnIHPc=
github.com/bobg/go-generics/v3 v3.7.0/go.mod h1:wGlMLQER92clsh3cJoQjbUtUEJ03FoxnGhZjaWhf4fM=
github.com/google/go-cmp v0.6.0 h1:ofyhxvXcZhMsU5ulbFiLKl/XBFqE1GSq7atu8tAmTRI=
github.com/google/go-cmp v0.6.0/go.mod h1:17dUlkBOakJ0+DkrSSNjCkIjxS6bF9zb3elmeNGIjoY=
github.com/mattn/go-sqlite3 v1.14.22 h1:2gZY6PC6kBnID23Tichd1K+Z0oS6nE/XwU+Vz/5o4kU=
github.com/mattn/go-sqlite3 v1.14.22/go.mod h1:Uh1q+B4BYcTPb+yiD3kU8Ct7aC0hY9fxUwlHK0RXw+Y=
